
Microsoft Visual Studio Solution File, Format Version 12.00
# Visual Studio Version 17
VisualStudioVersion = 17.3.32804.467
MinimumVisualStudioVersion = 10.0.40219.1
Project("{9A19103F-16F7-4668-BE54-9A1E7A4F7556}") = "habit-tracker", "habit-tracker.csproj", "{89E4C7C0-61AF-46E1-BF93-2A4F5657F128}"
EndProject
Global
	GlobalSection(SolutionConfigurationPlatforms) = preSolution
		Debug|Any CPU = Debug|Any CPU
		Release|Any CPU = Release|Any CPU
	EndGlobalSection
	GlobalSection(ProjectConfigurationPlatforms) = postSolution
		{89E4C7C0-61AF-46E1-BF93-2A4F5657F128}.Debug|Any CPU.ActiveCfg = Debug|Any CPU
		{89E4C7C0-61AF-46E1-BF93-2A4F5657F128}.Debug|Any CPU.Build.0 = Debug|Any CPU
		{89E4C7C0-61AF-46E1-BF93-2A4F5657F128}.Release|Any CPU.ActiveCfg = Release|Any CPU
		{89E4C7C0-61AF-46E1-BF93-2A4F5657F128}.Release|Any CPU.Build.0 = Release|Any CPU
	EndGlobalSection
	GlobalSection(SolutionProperties) = preSolution
		HideSolutionNode = FALSE
	EndGlobalSection
	GlobalSection(ExtensibilityGlobals) = postSolution
		SolutionGuid = {4ECACA57-493C-4A79-A9E8-70C2EF7CB8B3}
	EndGlobalSection
EndGlobal
